
Microsoft Visual Studio Solution File, Format Version 12.00
# Visual Studio Version 17
VisualStudioVersion = 17.2.32526.322
MinimumVisualStudioVersion = 10.0.40219.1
Project("{FAE04EC0-301F-11D3-BF4B-00C04F79EFBC}") = "AdafyBlazorApp", "AdafyBlazorApp.csproj", "{47767900-53A9-4897-8828-CF24AB6B9028}"
EndProject
Global
	GlobalSection(SolutionConfigurationPlatforms) = preSolution
		Debug|Any CPU = Debug|Any CPU
		Release|Any CPU = Release|Any CPU
	EndGlobalSection
	GlobalSection(ProjectConfigurationPlatforms) = postSolution
		{47767900-53A9-4897-8828-CF24AB6B9028}.Debug|Any CPU.ActiveCfg = Debug|Any CPU
		{47767900-53A9-4897-8828-CF24AB6B9028}.Debug|Any CPU.Build.0 = Debug|Any CPU
		{47767900-53A9-4897-8828-CF24AB6B9028}.Release|Any CPU.ActiveCfg = Release|Any CPU
		{47767900-53A9-4897-8828-CF24AB6B9028}.Release|Any CPU.Build.0 = Release|Any CPU
	EndGlobalSection
	GlobalSection(SolutionProperties) = preSolution
		HideSolutionNode = FALSE
	EndGlobalSection
	GlobalSection(ExtensibilityGlobals) = postSolution
		SolutionGuid = {AC77FC7D-7635-4536-9908-918D2B18A0DF}
	EndGlobalSection
EndGlobal
